
Microsoft Visual Studio Solution File, Format Version 12.00
# Visual Studio 15
VisualStudioVersion = 15.0.27703.2042
MinimumVisualStudioVersion = 10.0.40219.1
Project("{FAE04EC0-301F-11D3-BF4B-00C04F79EFBC}") = "SimpleDraw", "SimpleDraw\SimpleDraw.csproj", "{5E9C18B2-7949-4435-A661-233443D8ED80}"
EndProject
Project("{FAE04EC0-301F-11D3-BF4B-00C04F79EFBC}") = "MyDrawing", "MyDrawing\MyDrawing.csproj", "{7CFA6DE0-B835-499F-ADB3-F0DB93AF8542}"
EndProject
Global
	GlobalSection(SolutionConfigurationPlatforms) = preSolution
		Debug|Any CPU = Debug|Any CPU
		Release|Any CPU = Release|Any CPU
	EndGlobalSection
	GlobalSection(ProjectConfigurationPlatforms) = postSolution
		{5E9C18B2-7949-4435-A661-233443D8ED80}.Debug|Any CPU.ActiveCfg = Debug|Any CPU
		{5E9C18B2-7949-4435-A661-233443D8ED80}.Debug|Any CPU.Build.0 = Debug|Any CPU
		{5E9C18B2-7949-4435-A661-233443D8ED80}.Release|Any CPU.ActiveCfg = Release|Any CPU
		{5E9C18B2-7949-4435-A661-233443D8ED80}.Release|Any CPU.Build.0 = Release|Any CPU
		{7CFA6DE0-B835-499F-ADB3-F0DB93AF8542}.Debug|Any CPU.ActiveCfg = Debug|Any CPU
		{7CFA6DE0-B835-499F-ADB3-F0DB93AF8542}.Debug|Any CPU.Build.0 = Debug|Any CPU
		{7CFA6DE0-B835-499F-ADB3-F0DB93AF8542}.Release|Any CPU.ActiveCfg = Release|Any CPU
		{7CFA6DE0-B835-499F-ADB3-F0DB93AF8542}.Release|Any CPU.Build.0 = Release|Any CPU
	EndGlobalSection
	GlobalSection(SolutionProperties) = preSolution
		HideSolutionNode = FALSE
	EndGlobalSection
	GlobalSection(ExtensibilityGlobals) = postSolution
		SolutionGuid = {C6E45571-4E20-4866-AC7A-0B2ADEC4964B}
	EndGlobalSection
EndGlobal
